{
  "name": "portfolio-v1",
  "version": "1.0.0",
  "lockfileVersion": 3,
  "requires": true,
  "packages": {
    "": {
      "name": "portfolio-v1",
      "version": "1.0.0",
      "license": "ISC",
      "dependencies": {
        "@hono/node-server": "^1.12.2",
        "hono": "^4.5.11",
        "zod": "^3.23.8"
      },
      "devDependencies": {
        "@types/node": "^22.5.3"
      }
    },
    "node_modules/@hono/node-server": {
      "version": "1.12.2",
      "resolved": "https://registry.npmjs.org/@hono/node-server/-/node-server-1.12.2.tgz",
      "integrity": "sha512-xjzhqhSWUE/OhN0g3KCNVzNsQMlFUAL+/8GgPUr3TKcU7cvgZVBGswFofJ8WwGEHTqobzze1lDpGJl9ZNckDhA==",
      "license": "MIT",
      "engines": {
        "node": ">=18.14.1"
      },
      "peerDependencies": {
        "hono": "^4"
      }
    },
    "node_modules/@types/node": {
      "version": "22.5.3",
      "resolved": "https://registry.npmjs.org/@types/node/-/node-22.5.3.tgz",
      "integrity": "sha512-njripolh85IA9SQGTAqbmnNZTdxv7X/4OYGPz8tgy5JDr8MP+uDBa921GpYEoDDnwm0Hmn5ZPeJgiiSTPoOzkQ==",
      "dev": true,
      "license": "MIT",
      "dependencies": {
        "undici-types": "~6.19.2"
      }
    },
    "node_modules/hono": {
      "version": "4.5.11",
      "resolved": "https://registry.npmjs.org/hono/-/hono-4.5.11.tgz",
      "integrity": "sha512-62FcjLPtjAFwISVBUshryl+vbHOjg8rE4uIK/dxyR8GpLztunZpwFmfEvmJCUI7xoGh/Sr3CGCDPCmYxVw7wUQ==",
      "license": "MIT",
      "engines": {
        "node": ">=16.0.0"
      }
    },
    "node_modules/undici-types": {
      "version": "6.19.8",
      "resolved": "https://registry.npmjs.org/undici-types/-/undici-types-6.19.8.tgz",
      "integrity": "sha512-ve2KP6f/JnbPBFyobGHuerC9g1FYGn/F8n1LWTwNxCEzd6IfqTwUQcNXgEtmmQ6DlRrC1hrSrBnCZPokRrDHjw==",
      "dev": true,
      "license": "MIT"
    },
    "node_modules/zod": {
      "version": "3.23.8",
      "resolved": "https://registry.npmjs.org/zod/-/zod-3.23.8.tgz",
      "integrity": "sha512-XBx9AXhXktjUqnepgTiE5flcKIYWi/rme0Eaj+5Y0lftuGBq+jyRu/md4WnuxqgP1ubdpNCsYEYPxrzVHD8d6g==",
      "license": "MIT",
      "funding": {
        "url": "https://github.com/sponsors/colinhacks"
      }
    }
  }
}
